---
:runtime:
- org.javassist:javassist:jar:3.19.0-GA
- org.slf4j:slf4j-api:jar:1.7.10
- io.netty:netty-handler:jar:4.1.5.Final
- com.google.guava:guava:jar:19.0
- io.netty:netty-transport-native-epoll:jar:linux-x86_64:4.1.5.Final
- org.bouncycastle:bcpkix-jdk15on:jar:1.55
- com.github.ben-manes.caffeine:caffeine:jar:2.3.1
- com.fasterxml.jackson.datatype:jackson-datatype-jdk8:jar:2.7.5
- org.bouncycastle:bcprov-jdk15on:jar:1.55
- io.netty:netty-transport:jar:4.1.5.Final
- io.netty:netty-codec-http:jar:4.1.5.Final
- io.netty:netty-codec:jar:4.1.5.Final
- javax.activation:activation:jar:1.1.1
- com.fasterxml.jackson.dataformat:jackson-dataformat-yaml:jar:2.7.5
- org.yaml:snakeyaml:jar:1.15
- org.slf4j:slf4j-simple:jar:1.7.10
- io.netty:netty-common:jar:4.1.5.Final
- com.fasterxml.jackson.core:jackson-annotations:jar:2.7.0
- org.reactivestreams:reactive-streams:jar:1.0.0
- com.fasterxml.jackson.core:jackson-databind:jar:2.7.5
- io.netty:netty-buffer:jar:4.1.5.Final
- com.fasterxml.jackson.datatype:jackson-datatype-guava:jar:2.7.5
- io.ratpack:ratpack-core:jar:1.4.2
- com.fasterxml.jackson.datatype:jackson-datatype-jsr310:jar:2.7.5
- com.fasterxml.jackson.core:jackson-core:jar:2.7.5
- io.netty:netty-resolver:jar:4.1.5.Final
